
Microsoft Visual Studio Solution File, Format Version 12.00
# Visual Studio 2012
VisualStudioVersion = 12.0.30501.0
MinimumVisualStudioVersion = 10.0.40219.1
Project("{2150E333-8FDC-42A3-9474-1A3956D46DE8}") = "PlugIns", "PlugIns", "{6A36382B-14A7-44F9-BD2A-A243585F3A47}"
EndProject
Project("{FAE04EC0-301F-11D3-BF4B-00C04F79EFBC}") = "ArchBench.PlugIns.Login", "ArchBench.PlugIns.Login\ArchBench.PlugIns.Login.csproj", "{C58066ED-4912-44AD-9F49-AD098F249BB1}"
EndProject
Project("{FAE04EC0-301F-11D3-BF4B-00C04F79EFBC}") = "ArchBench.PlugIns.Dispatcher", "ArchBench.PlugIns.Dispatcher\ArchBench.PlugIns.Dispatcher.csproj", "{BF96D05C-5574-4258-9CF3-6D9102537795}"
EndProject
Project("{FAE04EC0-301F-11D3-BF4B-00C04F79EFBC}") = "ArchBench.PlugIns.Logout", "ArchBench.PlugIns.Logout\ArchBench.PlugIns.Logout.csproj", "{77992396-D45D-4563-BB2B-4D495C611E16}"
EndProject
Project("{FAE04EC0-301F-11D3-BF4B-00C04F79EFBC}") = "ArchBench.PlugIns.Hello", "ArchBench.PlugIns.Hello\ArchBench.PlugIns.Hello.csproj", "{0CFCB209-CF93-48BC-811F-FCB05C65440F}"
EndProject
Project("{FAE04EC0-301F-11D3-BF4B-00C04F79EFBC}") = "ArchBench.PlugIns.Broker", "ArchBench.PlugIns.Broker\ArchBench.PlugIns.Broker.csproj", "{EB0E62CF-018D-4BFA-8981-B23AD129BEFD}"
EndProject
Project("{FAE04EC0-301F-11D3-BF4B-00C04F79EFBC}") = "ArchBench.PlugIns.CookieBaker", "ArchBench.PlugIns.CookieBaker\ArchBench.PlugIns.CookieBaker.csproj", "{0CF44889-C75A-4636-979D-9414BB89389B}"
EndProject
Project("{FAE04EC0-301F-11D3-BF4B-00C04F79EFBC}") = "ArchBench.PlugIns.ImageGallery", "ArchBench.PlugIns.ImageGallery\ArchBench.PlugIns.ImageGallery.csproj", "{3F5B1865-60A5-4188-8F65-827DE10F816E}"
EndProject
Project("{FAE04EC0-301F-11D3-BF4B-00C04F79EFBC}") = "ArchBench.Core", "ArchBench.Core\ArchBench.Core.csproj", "{8EE617A8-43C7-44ED-B52A-DDCCD286A49C}"
EndProject
Project("{FAE04EC0-301F-11D3-BF4B-00C04F79EFBC}") = "ArchBench.Server", "ArchBench.Server\ArchBench.Server.csproj", "{6E27897A-D0AB-4F1F-92EF-F1079CF0416E}"
	ProjectSection(ProjectDependencies) = postProject
		{0CFCB209-CF93-48BC-811F-FCB05C65440F} = {0CFCB209-CF93-48BC-811F-FCB05C65440F}
		{BF96D05C-5574-4258-9CF3-6D9102537795} = {BF96D05C-5574-4258-9CF3-6D9102537795}
		{77992396-D45D-4563-BB2B-4D495C611E16} = {77992396-D45D-4563-BB2B-4D495C611E16}
		{C58066ED-4912-44AD-9F49-AD098F249BB1} = {C58066ED-4912-44AD-9F49-AD098F249BB1}
	EndProjectSection
EndProject
Global
	GlobalSection(SolutionConfigurationPlatforms) = preSolution
		Debug|Any CPU = Debug|Any CPU
		Release|Any CPU = Release|Any CPU
	EndGlobalSection
	GlobalSection(ProjectConfigurationPlatforms) = postSolution
		{0CF44889-C75A-4636-979D-9414BB89389B}.Debug|Any CPU.ActiveCfg = Debug|Any CPU
		{0CF44889-C75A-4636-979D-9414BB89389B}.Debug|Any CPU.Build.0 = Debug|Any CPU
		{0CF44889-C75A-4636-979D-9414BB89389B}.Release|Any CPU.ActiveCfg = Release|Any CPU
		{0CF44889-C75A-4636-979D-9414BB89389B}.Release|Any CPU.Build.0 = Release|Any CPU
		{0CFCB209-CF93-48BC-811F-FCB05C65440F}.Debug|Any CPU.ActiveCfg = Debug|Any CPU
		{0CFCB209-CF93-48BC-811F-FCB05C65440F}.Debug|Any CPU.Build.0 = Debug|Any CPU
		{0CFCB209-CF93-48BC-811F-FCB05C65440F}.Release|Any CPU.ActiveCfg = Release|Any CPU
		{0CFCB209-CF93-48BC-811F-FCB05C65440F}.Release|Any CPU.Build.0 = Release|Any CPU
		{3F5B1865-60A5-4188-8F65-827DE10F816E}.Debug|Any CPU.ActiveCfg = Debug|Any CPU
		{3F5B1865-60A5-4188-8F65-827DE10F816E}.Debug|Any CPU.Build.0 = Debug|Any CPU
		{3F5B1865-60A5-4188-8F65-827DE10F816E}.Release|Any CPU.ActiveCfg = Release|Any CPU
		{3F5B1865-60A5-4188-8F65-827DE10F816E}.Release|Any CPU.Build.0 = Release|Any CPU
		{6E27897A-D0AB-4F1F-92EF-F1079CF0416E}.Debug|Any CPU.ActiveCfg = Debug|Any CPU
		{6E27897A-D0AB-4F1F-92EF-F1079CF0416E}.Debug|Any CPU.Build.0 = Debug|Any CPU
		{6E27897A-D0AB-4F1F-92EF-F1079CF0416E}.Release|Any CPU.ActiveCfg = Release|Any CPU
		{6E27897A-D0AB-4F1F-92EF-F1079CF0416E}.Release|Any CPU.Build.0 = Release|Any CPU
		{77992396-D45D-4563-BB2B-4D495C611E16}.Debug|Any CPU.ActiveCfg = Debug|Any CPU
		{77992396-D45D-4563-BB2B-4D495C611E16}.Debug|Any CPU.Build.0 = Debug|Any CPU
		{77992396-D45D-4563-BB2B-4D495C611E16}.Release|Any CPU.ActiveCfg = Release|Any CPU
		{77992396-D45D-4563-BB2B-4D495C611E16}.Release|Any CPU.Build.0 = Release|Any CPU
		{8EE617A8-43C7-44ED-B52A-DDCCD286A49C}.Debug|Any CPU.ActiveCfg = Debug|Any CPU
		{8EE617A8-43C7-44ED-B52A-DDCCD286A49C}.Debug|Any CPU.Build.0 = Debug|Any CPU
		{8EE617A8-43C7-44ED-B52A-DDCCD286A49C}.Release|Any CPU.ActiveCfg = Release|Any CPU
		{8EE617A8-43C7-44ED-B52A-DDCCD286A49C}.Release|Any CPU.Build.0 = Release|Any CPU
		{BF96D05C-5574-4258-9CF3-6D9102537795}.Debug|Any CPU.ActiveCfg = Debug|Any CPU
		{BF96D05C-5574-4258-9CF3-6D9102537795}.Debug|Any CPU.Build.0 = Debug|Any CPU
		{BF96D05C-5574-4258-9CF3-6D9102537795}.Release|Any CPU.ActiveCfg = Release|Any CPU
		{BF96D05C-5574-4258-9CF3-6D9102537795}.Release|Any CPU.Build.0 = Release|Any CPU
		{C58066ED-4912-44AD-9F49-AD098F249BB1}.Debug|Any CPU.ActiveCfg = Debug|Any CPU
		{C58066ED-4912-44AD-9F49-AD098F249BB1}.Debug|Any CPU.Build.0 = Debug|Any CPU
		{C58066ED-4912-44AD-9F49-AD098F249BB1}.Release|Any CPU.ActiveCfg = Release|Any CPU
		{C58066ED-4912-44AD-9F49-AD098F249BB1}.Release|Any CPU.Build.0 = Release|Any CPU
		{EB0E62CF-018D-4BFA-8981-B23AD129BEFD}.Debug|Any CPU.ActiveCfg = Debug|Any CPU
		{EB0E62CF-018D-4BFA-8981-B23AD129BEFD}.Debug|Any CPU.Build.0 = Debug|Any CPU
		{EB0E62CF-018D-4BFA-8981-B23AD129BEFD}.Release|Any CPU.ActiveCfg = Release|Any CPU
		{EB0E62CF-018D-4BFA-8981-B23AD129BEFD}.Release|Any CPU.Build.0 = Release|Any CPU
	EndGlobalSection
	GlobalSection(NestedProjects) = preSolution
		{C58066ED-4912-44AD-9F49-AD098F249BB1} = {6A36382B-14A7-44F9-BD2A-A243585F3A47}
		{BF96D05C-5574-4258-9CF3-6D9102537795} = {6A36382B-14A7-44F9-BD2A-A243585F3A47}
		{77992396-D45D-4563-BB2B-4D495C611E16} = {6A36382B-14A7-44F9-BD2A-A243585F3A47}
		{0CFCB209-CF93-48BC-811F-FCB05C65440F} = {6A36382B-14A7-44F9-BD2A-A243585F3A47}
		{EB0E62CF-018D-4BFA-8981-B23AD129BEFD} = {6A36382B-14A7-44F9-BD2A-A243585F3A47}
		{0CF44889-C75A-4636-979D-9414BB89389B} = {6A36382B-14A7-44F9-BD2A-A243585F3A47}
		{3F5B1865-60A5-4188-8F65-827DE10F816E} = {6A36382B-14A7-44F9-BD2A-A243585F3A47}
	EndGlobalSection
	GlobalSection(SolutionProperties) = preSolution
		HideSolutionNode = FALSE
	EndGlobalSection
EndGlobal
